// !$*UTF8*$!
{
	archiveVersion = 1;
	classes = {
	};
	objectVersion = 55;
	objects = {

/* Begin PBXBuildFile section */
		3C0CEDCD2885563F00167711 /* AppDelegate.swift in Sources */ = {isa = PBXBuildFile; fileRef = 3C0CEDCC2885563F00167711 /* AppDelegate.swift */; };
		3C0CEDCF2885563F00167711 /* DocumentBrowserViewController.swift in Sources */ = {isa = PBXBuildFile; fileRef = 3C0CEDCE2885563F00167711 /* DocumentBrowserViewController.swift */; };
		3C0CEDD32885563F00167711 /* ImageGalleryDocument.swift in Sources */ = {isa = PBXBuildFile; fileRef = 3C0CEDD22885563F00167711 /* ImageGalleryDocument.swift */; };
		3C0CEDD62885563F00167711 /* Main.storyboard in Resources */ = {isa = PBXBuildFile; fileRef = 3C0CEDD42885563F00167711 /* Main.storyboard */; };
		3C0CEDD82885564100167711 /* Assets.xcassets in Resources */ = {isa = PBXBuildFile; fileRef = 3C0CEDD72885564100167711 /* Assets.xcassets */; };
		3C0CEDDB2885564100167711 /* LaunchScreen.storyboard in Resources */ = {isa = PBXBuildFile; fileRef = 3C0CEDD92885564100167711 /* LaunchScreen.storyboard */; };
		3C0CEDE92885991A00167711 /* UIImageView+.swift in Sources */ = {isa = PBXBuildFile; fileRef = 3C0CEDE82885991A00167711 /* UIImageView+.swift */; };
		3C0CEDEB28859ADB00167711 /* DataStore.swift in Sources */ = {isa = PBXBuildFile; fileRef = 3C0CEDEA28859ADB00167711 /* DataStore.swift */; };
		3C0CEDED28859B1600167711 /* ImageGallery.swift in Sources */ = {isa = PBXBuildFile; fileRef = 3C0CEDEC28859B1600167711 /* ImageGallery.swift */; };
		3C0CEDEF28859B3C00167711 /* GalleryImage.swift in Sources */ = {isa = PBXBuildFile; fileRef = 3C0CEDEE28859B3C00167711 /* GalleryImage.swift */; };
		3C0CEDF128859DBD00167711 /* UIViewController+.swift in Sources */ = {isa = PBXBuildFile; fileRef = 3C0CEDF028859DBD00167711 /* UIViewController+.swift */; };
		9F65D6152885E23B00CA7D90 /* ImageCollectionVC.swift in Sources */ = {isa = PBXBuildFile; fileRef = 9F65D6142885E23B00CA7D90 /* ImageCollectionVC.swift */; };
		9F65D61A2885E61300CA7D90 /* ImageDetailsVC.swift in Sources */ = {isa = PBXBuildFile; fileRef = 9F65D6192885E61300CA7D90 /* ImageDetailsVC.swift */; };
		9F65D61C2885EBCB00CA7D90 /* ImageCollectionCell.swift in Sources */ = {isa = PBXBuildFile; fileRef = 9F65D61B2885EBCB00CA7D90 /* ImageCollectionCell.swift */; };
/* End PBXBuildFile section */

/* Begin PBXFileReference section */
		3C0CEDC92885563F00167711 /* Image Gallery Stanford.app */ = {isa = PBXFileReference; explicitFileType = wrapper.application; includeInIndex = 0; path = "Image Gallery Stanford.app"; sourceTree = BUILT_PRODUCTS_DIR; };
		3C0CEDCC2885563F00167711 /* AppDelegate.swift */ = {isa = PBXFileReference; lastKnownFileType = sourcecode.swift; path = AppDelegate.swift; sourceTree = "<group>"; };
		3C0CEDCE2885563F00167711 /* DocumentBrowserViewController.swift */ = {isa = PBXFileReference; lastKnownFileType = sourcecode.swift; path = DocumentBrowserViewController.swift; sourceTree = "<group>"; };
		3C0CEDD22885563F00167711 /* ImageGalleryDocument.swift */ = {isa = PBXFileReference; lastKnownFileType = sourcecode.swift; path = ImageGalleryDocument.swift; sourceTree = "<group>"; };
		3C0CEDD52885563F00167711 /* Base */ = {isa = PBXFileReference; lastKnownFileType = file.storyboard; name = Base; path = Base.lproj/Main.storyboard; sourceTree = "<group>"; };
		3C0CEDD72885564100167711 /* Assets.xcassets */ = {isa = PBXFileReference; lastKnownFileType = folder.assetcatalog; path = Assets.xcassets; sourceTree = "<group>"; };
		3C0CEDDA2885564100167711 /* Base */ = {isa = PBXFileReference; lastKnownFileType = file.storyboard; name = Base; path = Base.lproj/LaunchScreen.storyboard; sourceTree = "<group>"; };
		3C0CEDDC2885564100167711 /* Info.plist */ = {isa = PBXFileReference; lastKnownFileType = text.plist.xml; path = Info.plist; sourceTree = "<group>"; };
		3C0CEDE82885991A00167711 /* UIImageView+.swift */ = {isa = PBXFileReference; lastKnownFileType = sourcecode.swift; path = "UIImageView+.swift"; sourceTree = "<group>"; };
		3C0CEDEA28859ADB00167711 /* DataStore.swift */ = {isa = PBXFileReference; lastKnownFileType = sourcecode.swift; path = DataStore.swift; sourceTree = "<group>"; };
		3C0CEDEC28859B1600167711 /* ImageGallery.swift */ = {isa = PBXFileReference; lastKnownFileType = sourcecode.swift; path = ImageGallery.swift; sourceTree = "<group>"; };
		3C0CEDEE28859B3C00167711 /* GalleryImage.swift */ = {isa = PBXFileReference; lastKnownFileType = sourcecode.swift; path = GalleryImage.swift; sourceTree = "<group>"; };
		3C0CEDF028859DBD00167711 /* UIViewController+.swift */ = {isa = PBXFileReference; lastKnownFileType = sourcecode.swift; path = "UIViewController+.swift"; sourceTree = "<group>"; };
		9F65D6142885E23B00CA7D90 /* ImageCollectionVC.swift */ = {isa = PBXFileReference; lastKnownFileType = sourcecode.swift; path = ImageCollectionVC.swift; sourceTree = "<group>"; };
		9F65D6192885E61300CA7D90 /* ImageDetailsVC.swift */ = {isa = PBXFileReference; lastKnownFileType = sourcecode.swift; path = ImageDetailsVC.swift; sourceTree = "<group>"; };
		9F65D61B2885EBCB00CA7D90 /* ImageCollectionCell.swift */ = {isa = PBXFileReference; lastKnownFileType = sourcecode.swift; path = ImageCollectionCell.swift; sourceTree = "<group>"; };
/* End PBXFileReference section */

/* Begin PBXFrameworksBuildPhase section */
		3C0CEDC62885563F00167711 /* Frameworks */ = {
			isa = PBXFrameworksBuildPhase;
			buildActionMask = 2147483647;
			files = (
			);
			runOnlyForDeploymentPostprocessing = 0;
		};
/* End PBXFrameworksBuildPhase section */

/* Begin PBXGroup section */
		3C0CEDC02885563F00167711 = {
			isa = PBXGroup;
			children = (
				3C0CEDCB2885563F00167711 /* Image Gallery Stanford */,
				3C0CEDCA2885563F00167711 /* Products */,
			);
			sourceTree = "<group>";
		};
		3C0CEDCA2885563F00167711 /* Products */ = {
			isa = PBXGroup;
			children = (
				3C0CEDC92885563F00167711 /* Image Gallery Stanford.app */,
			);
			name = Products;
			sourceTree = "<group>";
		};
		3C0CEDCB2885563F00167711 /* Image Gallery Stanford */ = {
			isa = PBXGroup;
			children = (
				3C0CEDE42885974700167711 /* Configuration */,
				3C0CEDE7288598E300167711 /* Extensions */,
				3C0CEDE32885973800167711 /* IB */,
				3C0CEDE5288597D800167711 /* Model */,
				3C0CEDE22885971100167711 /* Root */,
				3C0CEDE6288597E000167711 /* Scenes */,
			);
			path = "Image Gallery Stanford";
			sourceTree = "<group>";
		};
		3C0CEDE22885971100167711 /* Root */ = {
			isa = PBXGroup;
			children = (
				3C0CEDCC2885563F00167711 /* AppDelegate.swift */,
			);
			path = Root;
			sourceTree = "<group>";
		};
		3C0CEDE32885973800167711 /* IB */ = {
			isa = PBXGroup;
			children = (
				3C0CEDD42885563F00167711 /* Main.storyboard */,
				3C0CEDD92885564100167711 /* LaunchScreen.storyboard */,
			);
			path = IB;
			sourceTree = "<group>";
		};
		3C0CEDE42885974700167711 /* Configuration */ = {
			isa = PBXGroup;
			children = (
				3C0CEDDC2885564100167711 /* Info.plist */,
				3C0CEDD72885564100167711 /* Assets.xcassets */,
			);
			path = Configuration;
			sourceTree = "<group>";
		};
		3C0CEDE5288597D800167711 /* Model */ = {
			isa = PBXGroup;
			children = (
				3C0CEDD22885563F00167711 /* ImageGalleryDocument.swift */,
				3C0CEDEA28859ADB00167711 /* DataStore.swift */,
				3C0CEDEC28859B1600167711 /* ImageGallery.swift */,
				3C0CEDEE28859B3C00167711 /* GalleryImage.swift */,
			);
			path = Model;
			sourceTree = "<group>";
		};
		3C0CEDE6288597E000167711 /* Scenes */ = {
			isa = PBXGroup;
			children = (
				9F65D6172885E24600CA7D90 /* Documents */,
				9F65D6182885E25300CA7D90 /* Image Details */,
				9F65D6162885E24000CA7D90 /* Image Gallery */,
			);
			path = Scenes;
			sourceTree = "<group>";
		};
		3C0CEDE7288598E300167711 /* Extensions */ = {
			isa = PBXGroup;
			children = (
				3C0CEDE82885991A00167711 /* UIImageView+.swift */,
				3C0CEDF028859DBD00167711 /* UIViewController+.swift */,
			);
			path = Extensions;
			sourceTree = "<group>";
		};
		9F65D6162885E24000CA7D90 /* Image Gallery */ = {
			isa = PBXGroup;
			children = (
				9F65D61B2885EBCB00CA7D90 /* ImageCollectionCell.swift */,
				9F65D6142885E23B00CA7D90 /* ImageCollectionVC.swift */,
			);
			path = "Image Gallery";
			sourceTree = "<group>";
		};
		9F65D6172885E24600CA7D90 /* Documents */ = {
			isa = PBXGroup;
			children = (
				3C0CEDCE2885563F00167711 /* DocumentBrowserViewController.swift */,
			);
			path = Documents;
			sourceTree = "<group>";
		};
		9F65D6182885E25300CA7D90 /* Image Details */ = {
			isa = PBXGroup;
			children = (
				9F65D6192885E61300CA7D90 /* ImageDetailsVC.swift */,
			);
			path = "Image Details";
			sourceTree = "<group>";
		};
/* End PBXGroup section */

/* Begin PBXNativeTarget section */
		3C0CEDC82885563F00167711 /* Image Gallery Stanford */ = {
			isa = PBXNativeTarget;
			buildConfigurationList = 3C0CEDDF2885564100167711 /* Build configuration list for PBXNativeTarget "Image Gallery Stanford" */;
			buildPhases = (
				3C0CEDC52885563F00167711 /* Sources */,
				3C0CEDC62885563F00167711 /* Frameworks */,
				3C0CEDC72885563F00167711 /* Resources */,
			);
			buildRules = (
			);
			dependencies = (
			);
			name = "Image Gallery Stanford";
			productName = "Image Gallery Stanford";
			productReference = 3C0CEDC92885563F00167711 /* Image Gallery Stanford.app */;
			productType = "com.apple.product-type.application";
		};
/* End PBXNativeTarget section */

/* Begin PBXProject section */
		3C0CEDC12885563F00167711 /* Project object */ = {
			isa = PBXProject;
			attributes = {
				BuildIndependentTargetsInParallel = 1;
				LastSwiftUpdateCheck = 1340;
				LastUpgradeCheck = 1340;
				TargetAttributes = {
					3C0CEDC82885563F00167711 = {
						CreatedOnToolsVersion = 13.4.1;
					};
				};
			};
			buildConfigurationList = 3C0CEDC42885563F00167711 /* Build configuration list for PBXProject "Image Gallery Stanford" */;
			compatibilityVersion = "Xcode 13.0";
			developmentRegion = en;
			hasScannedForEncodings = 0;
			knownRegions = (
				en,
				Base,
			);
			mainGroup = 3C0CEDC02885563F00167711;
			productRefGroup = 3C0CEDCA2885563F00167711 /* Products */;
			projectDirPath = "";
			projectRoot = "";
			targets = (
				3C0CEDC82885563F00167711 /* Image Gallery Stanford */,
			);
		};
/* End PBXProject section */

/* Begin PBXResourcesBuildPhase section */
		3C0CEDC72885563F00167711 /* Resources */ = {
			isa = PBXResourcesBuildPhase;
			buildActionMask = 2147483647;
			files = (
				3C0CEDDB2885564100167711 /* LaunchScreen.storyboard in Resources */,
				3C0CEDD82885564100167711 /* Assets.xcassets in Resources */,
				3C0CEDD62885563F00167711 /* Main.storyboard in Resources */,
			);
			runOnlyForDeploymentPostprocessing = 0;
		};
/* End PBXResourcesBuildPhase section */

/* Begin PBXSourcesBuildPhase section */
		3C0CEDC52885563F00167711 /* Sources */ = {
			isa = PBXSourcesBuildPhase;
			buildActionMask = 2147483647;
			files = (
				3C0CEDED28859B1600167711 /* ImageGallery.swift in Sources */,
				9F65D61C2885EBCB00CA7D90 /* ImageCollectionCell.swift in Sources */,
				3C0CEDE92885991A00167711 /* UIImageView+.swift in Sources */,
				9F65D61A2885E61300CA7D90 /* ImageDetailsVC.swift in Sources */,
				3C0CEDF128859DBD00167711 /* UIViewController+.swift in Sources */,
				3C0CEDD32885563F00167711 /* ImageGalleryDocument.swift in Sources */,
				3C0CEDCF2885563F00167711 /* DocumentBrowserViewController.swift in Sources */,
				3C0CEDEF28859B3C00167711 /* GalleryImage.swift in Sources */,
				3C0CEDEB28859ADB00167711 /* DataStore.swift in Sources */,
				9F65D6152885E23B00CA7D90 /* ImageCollectionVC.swift in Sources */,
				3C0CEDCD2885563F00167711 /* AppDelegate.swift in Sources */,
			);
			runOnlyForDeploymentPostprocessing = 0;
		};
/* End PBXSourcesBuildPhase section */

/* Begin PBXVariantGroup section */
		3C0CEDD42885563F00167711 /* Main.storyboard */ = {
			isa = PBXVariantGroup;
			children = (
				3C0CEDD52885563F00167711 /* Base */,
			);
			name = Main.storyboard;
			sourceTree = "<group>";
		};
		3C0CEDD92885564100167711 /* LaunchScreen.storyboard */ = {
			isa = PBXVariantGroup;
			children = (
				3C0CEDDA2885564100167711 /* Base */,
			);
			name = LaunchScreen.storyboard;
			sourceTree = "<group>";
		};
/* End PBXVariantGroup section */

/* Begin XCBuildConfiguration section */
		3C0CEDDD2885564100167711 /* Debug */ = {
			isa = XCBuildConfiguration;
			buildSettings = {
				ALWAYS_SEARCH_USER_PATHS = NO;
				CLANG_ANALYZER_NONNULL = YES;
				CLANG_ANALYZER_NUMBER_OBJECT_CONVERSION = YES_AGGRESSIVE;
				CLANG_CXX_LANGUAGE_STANDARD = "gnu++17";
				CLANG_ENABLE_MODULES = YES;
				CLANG_ENABLE_OBJC_ARC = YES;
				CLANG_ENABLE_OBJC_WEAK = YES;
				CLANG_WARN_BLOCK_CAPTURE_AUTORELEASING = YES;
				CLANG_WARN_BOOL_CONVERSION = YES;
				CLANG_WARN_COMMA = YES;
				CLANG_WARN_CONSTANT_CONVERSION = YES;
				CLANG_WARN_DEPRECATED_OBJC_IMPLEMENTATIONS = YES;
				CLANG_WARN_DIRECT_OBJC_ISA_USAGE = YES_ERROR;
				CLANG_WARN_DOCUMENTATION_COMMENTS = YES;
				CLANG_WARN_EMPTY_BODY = YES;
				CLANG_WARN_ENUM_CONVERSION = YES;
				CLANG_WARN_INFINITE_RECURSION = YES;
				CLANG_WARN_INT_CONVERSION = YES;
				CLANG_WARN_NON_LITERAL_NULL_CONVERSION = YES;
				CLANG_WARN_OBJC_IMPLICIT_RETAIN_SELF = YES;
				CLANG_WARN_OBJC_LITERAL_CONVERSION = YES;
				CLANG_WARN_OBJC_ROOT_CLASS = YES_ERROR;
				CLANG_WARN_QUOTED_INCLUDE_IN_FRAMEWORK_HEADER = YES;
				CLANG_WARN_RANGE_LOOP_ANALYSIS = YES;
				CLANG_WARN_STRICT_PROTOTYPES = YES;
				CLANG_WARN_SUSPICIOUS_MOVE = YES;
				CLANG_WARN_UNGUARDED_AVAILABILITY = YES_AGGRESSIVE;
				CLANG_WARN_UNREACHABLE_CODE = YES;
				CLANG_WARN__DUPLICATE_METHOD_MATCH = YES;
				COPY_PHASE_STRIP = NO;
				DEBUG_INFORMATION_FORMAT = dwarf;
				ENABLE_STRICT_OBJC_MSGSEND = YES;
				ENABLE_TESTABILITY = YES;
				GCC_C_LANGUAGE_STANDARD = gnu11;
				GCC_DYNAMIC_NO_PIC = NO;
				GCC_NO_COMMON_BLOCKS = YES;
				GCC_OPTIMIZATION_LEVEL = 0;
				GCC_PREPROCESSOR_DEFINITIONS = (
					"DEBUG=1",
					"$(inherited)",
				);
				GCC_WARN_64_TO_32_BIT_CONVERSION = YES;
				GCC_WARN_ABOUT_RETURN_TYPE = YES_ERROR;
				GCC_WARN_UNDECLARED_SELECTOR = YES;
				GCC_WARN_UNINITIALIZED_AUTOS = YES_AGGRESSIVE;
				GCC_WARN_UNUSED_FUNCTION = YES;
				GCC_WARN_UNUSED_VARIABLE = YES;
				IPHONEOS_DEPLOYMENT_TARGET = 15.5;
				MTL_ENABLE_DEBUG_INFO = INCLUDE_SOURCE;
				MTL_FAST_MATH = YES;
				ONLY_ACTIVE_ARCH = YES;
				SDKROOT = iphoneos;
				SWIFT_ACTIVE_COMPILATION_CONDITIONS = DEBUG;
				SWIFT_OPTIMIZATION_LEVEL = "-Onone";
			};
			name = Debug;
		};
		3C0CEDDE2885564100167711 /* Release */ = {
			isa = XCBuildConfiguration;
			buildSettings = {
				ALWAYS_SEARCH_USER_PATHS = NO;
				CLANG_ANALYZER_NONNULL = YES;
				CLANG_ANALYZER_NUMBER_OBJECT_CONVERSION = YES_AGGRESSIVE;
				CLANG_CXX_LANGUAGE_STANDARD = "gnu++17";
				CLANG_ENABLE_MODULES = YES;
				CLANG_ENABLE_OBJC_ARC = YES;
				CLANG_ENABLE_OBJC_WEAK = YES;
				CLANG_WARN_BLOCK_CAPTURE_AUTORELEASING = YES;
				CLANG_WARN_BOOL_CONVERSION = YES;
				CLANG_WARN_COMMA = YES;
				CLANG_WARN_CONSTANT_CONVERSION = YES;
				CLANG_WARN_DEPRECATED_OBJC_IMPLEMENTATIONS = YES;
				CLANG_WARN_DIRECT_OBJC_ISA_USAGE = YES_ERROR;
				CLANG_WARN_DOCUMENTATION_COMMENTS = YES;
				CLANG_WARN_EMPTY_BODY = YES;
				CLANG_WARN_ENUM_CONVERSION = YES;
				CLANG_WARN_INFINITE_RECURSION = YES;
				CLANG_WARN_INT_CONVERSION = YES;
				CLANG_WARN_NON_LITERAL_NULL_CONVERSION = YES;
				CLANG_WARN_OBJC_IMPLICIT_RETAIN_SELF = YES;
				CLANG_WARN_OBJC_LITERAL_CONVERSION = YES;
				CLANG_WARN_OBJC_ROOT_CLASS = YES_ERROR;
				CLANG_WARN_QUOTED_INCLUDE_IN_FRAMEWORK_HEADER = YES;
				CLANG_WARN_RANGE_LOOP_ANALYSIS = YES;
				CLANG_WARN_STRICT_PROTOTYPES = YES;
				CLANG_WARN_SUSPICIOUS_MOVE = YES;
				CLANG_WARN_UNGUARDED_AVAILABILITY = YES_AGGRESSIVE;
				CLANG_WARN_UNREACHABLE_CODE = YES;
				CLANG_WARN__DUPLICATE_METHOD_MATCH = YES;
				COPY_PHASE_STRIP = NO;
				DEBUG_INFORMATION_FORMAT = "dwarf-with-dsym";
				ENABLE_NS_ASSERTIONS = NO;
				ENABLE_STRICT_OBJC_MSGSEND = YES;
				GCC_C_LANGUAGE_STANDARD = gnu11;
				GCC_NO_COMMON_BLOCKS = YES;
				GCC_WARN_64_TO_32_BIT_CONVERSION = YES;
				GCC_WARN_ABOUT_RETURN_TYPE = YES_ERROR;
				GCC_WARN_UNDECLARED_SELECTOR = YES;
				GCC_WARN_UNINITIALIZED_AUTOS = YES_AGGRESSIVE;
				GCC_WARN_UNUSED_FUNCTION = YES;
				GCC_WARN_UNUSED_VARIABLE = YES;
				IPHONEOS_DEPLOYMENT_TARGET = 15.5;
				MTL_ENABLE_DEBUG_INFO = NO;
				MTL_FAST_MATH = YES;
				SDKROOT = iphoneos;
				SWIFT_COMPILATION_MODE = wholemodule;
				SWIFT_OPTIMIZATION_LEVEL = "-O";
				VALIDATE_PRODUCT = YES;
			};
			name = Release;
		};
		3C0CEDE02885564100167711 /* Debug */ = {
			isa = XCBuildConfiguration;
			buildSettings = {
				ASSETCATALOG_COMPILER_APPICON_NAME = AppIcon;
				ASSETCATALOG_COMPILER_GLOBAL_ACCENT_COLOR_NAME = AccentColor;
				CODE_SIGN_STYLE = Automatic;
				CURRENT_PROJECT_VERSION = 1;
				GENERATE_INFOPLIST_FILE = YES;
				INFOPLIST_FILE = "Image Gallery Stanford/Configuration/Info.plist";
				INFOPLIST_KEY_UIApplicationSupportsIndirectInputEvents = YES;
				INFOPLIST_KEY_UILaunchStoryboardName = LaunchScreen;
				INFOPLIST_KEY_UIMainStoryboardFile = Main;
				INFOPLIST_KEY_UISupportedInterfaceOrientations_iPad = "UIInterfaceOrientationPortrait UIInterfaceOrientationPortraitUpsideDown UIInterfaceOrientationLandscapeLeft UIInterfaceOrientationLandscapeRight";
				INFOPLIST_KEY_UISupportedInterfaceOrientations_iPhone = "UIInterfaceOrientationPortrait UIInterfaceOrientationLandscapeLeft UIInterfaceOrientationLandscapeRight";
				INFOPLIST_KEY_UISupportsDocumentBrowser = YES;
				LD_RUNPATH_SEARCH_PATHS = (
					"$(inherited)",
					"@executable_path/Frameworks",
				);
				MARKETING_VERSION = 1.0;
				PRODUCT_BUNDLE_IDENTIFIER = "Qarva.Image-Gallery-Stanford";
				PRODUCT_NAME = "$(TARGET_NAME)";
				SWIFT_EMIT_LOC_STRINGS = YES;
				SWIFT_VERSION = 5.0;
				TARGETED_DEVICE_FAMILY = "1,2";
			};
			name = Debug;
		};
		3C0CEDE12885564100167711 /* Release */ = {
			isa = XCBuildConfiguration;
			buildSettings = {
				ASSETCATALOG_COMPILER_APPICON_NAME = AppIcon;
				ASSETCATALOG_COMPILER_GLOBAL_ACCENT_COLOR_NAME = AccentColor;
				CODE_SIGN_STYLE = Automatic;
				CURRENT_PROJECT_VERSION = 1;
				GENERATE_INFOPLIST_FILE = YES;
				INFOPLIST_FILE = "Image Gallery Stanford/Configuration/Info.plist";
				INFOPLIST_KEY_UIApplicationSupportsIndirectInputEvents = YES;
				INFOPLIST_KEY_UILaunchStoryboardName = LaunchScreen;
				INFOPLIST_KEY_UIMainStoryboardFile = Main;
				INFOPLIST_KEY_UISupportedInterfaceOrientations_iPad = "UIInterfaceOrientationPortrait UIInterfaceOrientationPortraitUpsideDown UIInterfaceOrientationLandscapeLeft UIInterfaceOrientationLandscapeRight";
				INFOPLIST_KEY_UISupportedInterfaceOrientations_iPhone = "UIInterfaceOrientationPortrait UIInterfaceOrientationLandscapeLeft UIInterfaceOrientationLandscapeRight";
				INFOPLIST_KEY_UISupportsDocumentBrowser = YES;
				LD_RUNPATH_SEARCH_PATHS = (
					"$(inherited)",
					"@executable_path/Frameworks",
				);
				MARKETING_VERSION = 1.0;
				PRODUCT_BUNDLE_IDENTIFIER = "Qarva.Image-Gallery-Stanford";
				PRODUCT_NAME = "$(TARGET_NAME)";
				SWIFT_EMIT_LOC_STRINGS = YES;
				SWIFT_VERSION = 5.0;
				TARGETED_DEVICE_FAMILY = "1,2";
			};
			name = Release;
		};
/* End XCBuildConfiguration section */

/* Begin XCConfigurationList section */
		3C0CEDC42885563F00167711 /* Build configuration list for PBXProject "Image Gallery Stanford" */ = {
			isa = XCConfigurationList;
			buildConfigurations = (
				3C0CEDDD2885564100167711 /* Debug */,
				3C0CEDDE2885564100167711 /* Release */,
			);
			defaultConfigurationIsVisible = 0;
			defaultConfigurationName = Release;
		};
		3C0CEDDF2885564100167711 /* Build configuration list for PBXNativeTarget "Image Gallery Stanford" */ = {
			isa = XCConfigurationList;
			buildConfigurations = (
				3C0CEDE02885564100167711 /* Debug */,
				3C0CEDE12885564100167711 /* Release */,
			);
			defaultConfigurationIsVisible = 0;
			defaultConfigurationName = Release;
		};
/* End XCConfigurationList section */
	};
	rootObject = 3C0CEDC12885563F00167711 /* Project object */;
}
